
Microsoft Visual Studio Solution File, Format Version 12.00
# Visual Studio Version 17
VisualStudioVersion = 17.11.35327.3
MinimumVisualStudioVersion = 10.0.40219.1
Project("{FAE04EC0-301F-11D3-BF4B-00C04F79EFBC}") = "ToDoFullStackApp.Server", "ToDoFullStackApp.Server\ToDoFullStackApp.Server.csproj", "{182E5EE9-3874-4E2F-A4C3-C81037070812}"
EndProject
Project("{54A90642-561A-4BB1-A94E-469ADEE60C69}") = "todofullstackapp.client", "todofullstackapp.client\todofullstackapp.client.esproj", "{D5C0CE8D-4CDD-48AA-B44B-9A84E25641AB}"
EndProject
Global
	GlobalSection(SolutionConfigurationPlatforms) = preSolution
		Debug|Any CPU = Debug|Any CPU
		Release|Any CPU = Release|Any CPU
	EndGlobalSection
	GlobalSection(ProjectConfigurationPlatforms) = postSolution
		{182E5EE9-3874-4E2F-A4C3-C81037070812}.Debug|Any CPU.ActiveCfg = Debug|Any CPU
		{182E5EE9-3874-4E2F-A4C3-C81037070812}.Debug|Any CPU.Build.0 = Debug|Any CPU
		{182E5EE9-3874-4E2F-A4C3-C81037070812}.Release|Any CPU.ActiveCfg = Release|Any CPU
		{182E5EE9-3874-4E2F-A4C3-C81037070812}.Release|Any CPU.Build.0 = Release|Any CPU
		{D5C0CE8D-4CDD-48AA-B44B-9A84E25641AB}.Debug|Any CPU.ActiveCfg = Debug|Any CPU
		{D5C0CE8D-4CDD-48AA-B44B-9A84E25641AB}.Debug|Any CPU.Build.0 = Debug|Any CPU
		{D5C0CE8D-4CDD-48AA-B44B-9A84E25641AB}.Debug|Any CPU.Deploy.0 = Debug|Any CPU
		{D5C0CE8D-4CDD-48AA-B44B-9A84E25641AB}.Release|Any CPU.ActiveCfg = Release|Any CPU
		{D5C0CE8D-4CDD-48AA-B44B-9A84E25641AB}.Release|Any CPU.Build.0 = Release|Any CPU
		{D5C0CE8D-4CDD-48AA-B44B-9A84E25641AB}.Release|Any CPU.Deploy.0 = Release|Any CPU
	EndGlobalSection
	GlobalSection(SolutionProperties) = preSolution
		HideSolutionNode = FALSE
	EndGlobalSection
	GlobalSection(ExtensibilityGlobals) = postSolution
		SolutionGuid = {5A9A690D-D481-4DE2-9BB9-5CC281A83D86}
	EndGlobalSection
EndGlobal
