
Microsoft Visual Studio Solution File, Format Version 12.00
# Visual Studio Version 17
VisualStudioVersion = 17.11.35327.3
MinimumVisualStudioVersion = 10.0.40219.1
Project("{FAE04EC0-301F-11D3-BF4B-00C04F79EFBC}") = "MiddlewareUsageInWebAPI", "MiddlewareUsageInWebAPI.csproj", "{AD45D53F-AB02-42BC-AA53-63C117AED895}"
EndProject
Global
	GlobalSection(SolutionConfigurationPlatforms) = preSolution
		Debug|Any CPU = Debug|Any CPU
		Release|Any CPU = Release|Any CPU
	EndGlobalSection
	GlobalSection(ProjectConfigurationPlatforms) = postSolution
		{AD45D53F-AB02-42BC-AA53-63C117AED895}.Debug|Any CPU.ActiveCfg = Debug|Any CPU
		{AD45D53F-AB02-42BC-AA53-63C117AED895}.Debug|Any CPU.Build.0 = Debug|Any CPU
		{AD45D53F-AB02-42BC-AA53-63C117AED895}.Release|Any CPU.ActiveCfg = Release|Any CPU
		{AD45D53F-AB02-42BC-AA53-63C117AED895}.Release|Any CPU.Build.0 = Release|Any CPU
	EndGlobalSection
	GlobalSection(SolutionProperties) = preSolution
		HideSolutionNode = FALSE
	EndGlobalSection
	GlobalSection(ExtensibilityGlobals) = postSolution
		SolutionGuid = {69A23E32-C7EB-4F3C-B417-AB4B75663B94}
	EndGlobalSection
EndGlobal
